{
  "name": "@mikw99/nodered-osc-to-emberplus",
  "version": "1.2.3",
  "lockfileVersion": 3,
  "requires": true,
  "packages": {
    "": {
      "name": "@mikw99/nodered-osc-to-emberplus",
      "version": "1.1.9",
      "license": "MIT",
      "dependencies": {
        "@mikw99/node-emberplus-custom": "^1.0.5"
      }
    }

  }
}
